
Microsoft Visual Studio Solution File, Format Version 12.00
# Visual Studio 15
VisualStudioVersion = 15.0.27130.2020
MinimumVisualStudioVersion = 10.0.40219.1
Project("{FAE04EC0-301F-11D3-BF4B-00C04F79EFBC}") = "Pars.Util.Puma.Data", "Pars.Util.Puma.Data\Pars.Util.Puma.Data.csproj", "{515D1DD5-8B63-43E3-AE7C-BF414A4D8619}"
EndProject
Project("{FAE04EC0-301F-11D3-BF4B-00C04F79EFBC}") = "Pars.Util.Puma.Domain", "Pars.Util.Puma.Domain\Pars.Util.Puma.Domain.csproj", "{160BB44C-A974-48EF-B9BD-D9A3138998D0}"
EndProject
Project("{FAE04EC0-301F-11D3-BF4B-00C04F79EFBC}") = "Pars.Util.Puma.Business", "Pars.Util.Puma.Business\Pars.Util.Puma.Business.csproj", "{B1420B37-3AEB-4C19-9926-267AB3D43297}"
EndProject
Project("{FAE04EC0-301F-11D3-BF4B-00C04F79EFBC}") = "Pars.Util.Puma.Service.AuthManagement", "Pars.Util.Puma.Service.AuthManagement\Pars.Util.Puma.Service.AuthManagement.csproj", "{C1B18809-7A66-41AB-9E6F-6939DA5C4EE2}"
EndProject
Project("{FAE04EC0-301F-11D3-BF4B-00C04F79EFBC}") = "Pars.Util.Puma.Data.UnitTest", "Pars.Util.Puma.Data.UnitTest\Pars.Util.Puma.Data.UnitTest.csproj", "{FACF4C3D-88E5-44A3-9C72-5F24AFA79BFB}"
EndProject
Project("{FAE04EC0-301F-11D3-BF4B-00C04F79EFBC}") = "Pars.Util.Puma.Data.IntegrationTest", "Pars.Util.Puma.Data.IntegrationTest\Pars.Util.Puma.Data.IntegrationTest.csproj", "{461AE0E6-8A5D-4675-8C01-81E4876ED713}"
EndProject
Project("{FAE04EC0-301F-11D3-BF4B-00C04F79EFBC}") = "Pars.Util.Puma.UI.Mvc", "Pars.Util.Puma.UI.Mvc\Pars.Util.Puma.UI.Mvc.csproj", "{A9EB871B-8E91-4D6B-BCF5-E5C337F04501}"
	ProjectSection(ProjectDependencies) = postProject
		{43054A54-8E0F-431A-A553-A7322E708F32} = {43054A54-8E0F-431A-A553-A7322E708F32}
		{E4918677-BB12-46D2-8D61-8ABCE2FE2AB1} = {E4918677-BB12-46D2-8D61-8ABCE2FE2AB1}
	EndProjectSection
EndProject
Project("{FAE04EC0-301F-11D3-BF4B-00C04F79EFBC}") = "Pars.Util.Puma.Service.Definition", "Pars.Util.Puma.Service.Definition\Pars.Util.Puma.Service.Definition.csproj", "{7236610E-F418-425A-B26B-4A730BE98C7F}"
EndProject
Project("{FAE04EC0-301F-11D3-BF4B-00C04F79EFBC}") = "Pars.Util.Puma.Business.IntegrationTest", "Pars.Util.Puma.Business.IntegrationTest\Pars.Util.Puma.Business.IntegrationTest.csproj", "{F97BEC98-23E3-4230-AE05-2801B8CF2F67}"
EndProject
Project("{FAE04EC0-301F-11D3-BF4B-00C04F79EFBC}") = "Pars.Util.Puma.Service.User", "Pars.Util.Puma.Service.User\Pars.Util.Puma.Service.User.csproj", "{E90D06C7-202F-4028-BBAE-6118C35C99F3}"
EndProject
Project("{FAE04EC0-301F-11D3-BF4B-00C04F79EFBC}") = "Pars.Util.Puma.Service.IntegrationTest", "Pars.Util.Puma.Service.IntegrationTest\Pars.Util.Puma.Service.IntegrationTest.csproj", "{9E6D66BF-B39F-4CDB-B368-DF069B0CE6DD}"
	ProjectSection(ProjectDependencies) = postProject
		{43054A54-8E0F-431A-A553-A7322E708F32} = {43054A54-8E0F-431A-A553-A7322E708F32}
	EndProjectSection
EndProject
Project("{FAE04EC0-301F-11D3-BF4B-00C04F79EFBC}") = "Pars.Util.Puma.Service.Supplier", "Pars.Util.Puma.Service.Supplier\Pars.Util.Puma.Service.Supplier.csproj", "{43054A54-8E0F-431A-A553-A7322E708F32}"
EndProject
Project("{FAE04EC0-301F-11D3-BF4B-00C04F79EFBC}") = "Pars.Util.Puma.Service.DataLocalizer", "Pars.Util.Puma.Service.DataLocalizer\Pars.Util.Puma.Service.DataLocalizer.csproj", "{E4918677-BB12-46D2-8D61-8ABCE2FE2AB1}"
EndProject
Project("{2150E333-8FDC-42A3-9474-1A3956D46DE8}") = "AngularUtils", "AngularUtils", "{133B9C8B-55CC-4316-98D5-AAA7668ED37E}"
	ProjectSection(SolutionItems) = preProject
		AngularUtils\ng-compile.bat = AngularUtils\ng-compile.bat
		AngularUtils\XliffUpdate.exe = AngularUtils\XliffUpdate.exe
	EndProjectSection
EndProject
Project("{FAE04EC0-301F-11D3-BF4B-00C04F79EFBC}") = "Pars.Util.Puma.Service.Configuration", "Pars.Util.Puma.Service.Configuration\Pars.Util.Puma.Service.Configuration.csproj", "{60D98384-E3C0-47DD-9748-C1730FD8A0DC}"
EndProject
Project("{2150E333-8FDC-42A3-9474-1A3956D46DE8}") = "ESBIntegration", "ESBIntegration", "{F7FED312-F363-4856-9611-DA7D2467A1EB}"
EndProject
Project("{FAE04EC0-301F-11D3-BF4B-00C04F79EFBC}") = "Pars.Util.Puma.ESB.Client", "Pars.Util.Puma.ESB.Client\Pars.Util.Puma.ESB.Client.csproj", "{7BF62E29-4702-4200-A899-2243E75EE17B}"
EndProject
Project("{FAE04EC0-301F-11D3-BF4B-00C04F79EFBC}") = "Pars.Util.Puma.ESB.Api", "Pars.Util.Puma.ESB.Api\Pars.Util.Puma.ESB.Api.csproj", "{7F8777BE-36E3-4CEB-850F-05B6C29887CA}"
EndProject
Project("{FAE04EC0-301F-11D3-BF4B-00C04F79EFBC}") = "Pars.Core.Angular", "Pars.Core.Angular\Pars.Core.Angular.csproj", "{AF2E1D44-6470-4314-8EA0-8297B5A74147}"
EndProject
Project("{FAE04EC0-301F-11D3-BF4B-00C04F79EFBC}") = "Pars.Util.Puma.ESB.Api.Test", "Pars.Util.Puma.ESB.Api.Test\Pars.Util.Puma.ESB.Api.Test.csproj", "{16F8EAC7-D581-45E9-B6B1-40EE2FAECBE4}"
EndProject
Project("{2150E333-8FDC-42A3-9474-1A3956D46DE8}") = "api", "api", "{4D1E423C-27D3-4F03-BFE4-156C5969722C}"
EndProject
Project("{FAE04EC0-301F-11D3-BF4B-00C04F79EFBC}") = "Pars.Util.Puma.Api.AuthManagement", "Pars.Util.Puma.Api.AuthManagement\Pars.Util.Puma.Api.AuthManagement.csproj", "{80879606-6052-4D9E-98A3-A2D32B970185}"
EndProject
Project("{FAE04EC0-301F-11D3-BF4B-00C04F79EFBC}") = "Pars.Util.Puma.UI.Angular", "Pars.Util.Puma.UI.Angular\Pars.Util.Puma.UI.Angular.csproj", "{33D56525-2F73-42D8-B544-971DAA0ACCC1}"
EndProject
Project("{FAE04EC0-301F-11D3-BF4B-00C04F79EFBC}") = "Pars.Util.Puma.Api.Definition", "Pars.Util.Puma.Api.Definition\Pars.Util.Puma.Api.Definition.csproj", "{E2257A39-73A3-41A8-BAD7-99365C297C77}"
EndProject
Project("{FAE04EC0-301F-11D3-BF4B-00C04F79EFBC}") = "Pars.Util.Puma.Api.DataLocalizer", "Pars.Util.Puma.Api.DataLocalizer\Pars.Util.Puma.Api.DataLocalizer.csproj", "{FB94AA98-8F24-4AF9-BE50-3DA0C9393EA5}"
EndProject
Project("{E53339B2-1760-4266-BCC7-CA923CBCF16C}") = "docker-compose", "docker-compose.dcproj", "{2FEA5B0A-1742-4A31-B2D4-44ABF4BE716F}"
EndProject
Global
	GlobalSection(SolutionConfigurationPlatforms) = preSolution
		Debug|Any CPU = Debug|Any CPU
		Release|Any CPU = Release|Any CPU
	EndGlobalSection
	GlobalSection(ProjectConfigurationPlatforms) = postSolution
		{515D1DD5-8B63-43E3-AE7C-BF414A4D8619}.Debug|Any CPU.ActiveCfg = Debug|Any CPU
		{515D1DD5-8B63-43E3-AE7C-BF414A4D8619}.Debug|Any CPU.Build.0 = Debug|Any CPU
		{515D1DD5-8B63-43E3-AE7C-BF414A4D8619}.Release|Any CPU.ActiveCfg = Release|Any CPU
		{515D1DD5-8B63-43E3-AE7C-BF414A4D8619}.Release|Any CPU.Build.0 = Release|Any CPU
		{160BB44C-A974-48EF-B9BD-D9A3138998D0}.Debug|Any CPU.ActiveCfg = Debug|Any CPU
		{160BB44C-A974-48EF-B9BD-D9A3138998D0}.Debug|Any CPU.Build.0 = Debug|Any CPU
		{160BB44C-A974-48EF-B9BD-D9A3138998D0}.Release|Any CPU.ActiveCfg = Release|Any CPU
		{160BB44C-A974-48EF-B9BD-D9A3138998D0}.Release|Any CPU.Build.0 = Release|Any CPU
		{B1420B37-3AEB-4C19-9926-267AB3D43297}.Debug|Any CPU.ActiveCfg = Debug|Any CPU
		{B1420B37-3AEB-4C19-9926-267AB3D43297}.Debug|Any CPU.Build.0 = Debug|Any CPU
		{B1420B37-3AEB-4C19-9926-267AB3D43297}.Release|Any CPU.ActiveCfg = Release|Any CPU
		{B1420B37-3AEB-4C19-9926-267AB3D43297}.Release|Any CPU.Build.0 = Release|Any CPU
		{C1B18809-7A66-41AB-9E6F-6939DA5C4EE2}.Debug|Any CPU.ActiveCfg = Debug|Any CPU
		{C1B18809-7A66-41AB-9E6F-6939DA5C4EE2}.Debug|Any CPU.Build.0 = Debug|Any CPU
		{C1B18809-7A66-41AB-9E6F-6939DA5C4EE2}.Release|Any CPU.ActiveCfg = Release|Any CPU
		{C1B18809-7A66-41AB-9E6F-6939DA5C4EE2}.Release|Any CPU.Build.0 = Release|Any CPU
		{FACF4C3D-88E5-44A3-9C72-5F24AFA79BFB}.Debug|Any CPU.ActiveCfg = Debug|Any CPU
		{FACF4C3D-88E5-44A3-9C72-5F24AFA79BFB}.Debug|Any CPU.Build.0 = Debug|Any CPU
		{FACF4C3D-88E5-44A3-9C72-5F24AFA79BFB}.Release|Any CPU.ActiveCfg = Release|Any CPU
		{FACF4C3D-88E5-44A3-9C72-5F24AFA79BFB}.Release|Any CPU.Build.0 = Release|Any CPU
		{461AE0E6-8A5D-4675-8C01-81E4876ED713}.Debug|Any CPU.ActiveCfg = Debug|Any CPU
		{461AE0E6-8A5D-4675-8C01-81E4876ED713}.Debug|Any CPU.Build.0 = Debug|Any CPU
		{461AE0E6-8A5D-4675-8C01-81E4876ED713}.Release|Any CPU.ActiveCfg = Release|Any CPU
		{461AE0E6-8A5D-4675-8C01-81E4876ED713}.Release|Any CPU.Build.0 = Release|Any CPU
		{A9EB871B-8E91-4D6B-BCF5-E5C337F04501}.Debug|Any CPU.ActiveCfg = Debug|Any CPU
		{A9EB871B-8E91-4D6B-BCF5-E5C337F04501}.Release|Any CPU.ActiveCfg = Release|Any CPU
		{7236610E-F418-425A-B26B-4A730BE98C7F}.Debug|Any CPU.ActiveCfg = Debug|Any CPU
		{7236610E-F418-425A-B26B-4A730BE98C7F}.Debug|Any CPU.Build.0 = Debug|Any CPU
		{7236610E-F418-425A-B26B-4A730BE98C7F}.Release|Any CPU.ActiveCfg = Release|Any CPU
		{7236610E-F418-425A-B26B-4A730BE98C7F}.Release|Any CPU.Build.0 = Release|Any CPU
		{F97BEC98-23E3-4230-AE05-2801B8CF2F67}.Debug|Any CPU.ActiveCfg = Debug|Any CPU
		{F97BEC98-23E3-4230-AE05-2801B8CF2F67}.Debug|Any CPU.Build.0 = Debug|Any CPU
		{F97BEC98-23E3-4230-AE05-2801B8CF2F67}.Release|Any CPU.ActiveCfg = Release|Any CPU
		{F97BEC98-23E3-4230-AE05-2801B8CF2F67}.Release|Any CPU.Build.0 = Release|Any CPU
		{E90D06C7-202F-4028-BBAE-6118C35C99F3}.Debug|Any CPU.ActiveCfg = Debug|Any CPU
		{E90D06C7-202F-4028-BBAE-6118C35C99F3}.Debug|Any CPU.Build.0 = Debug|Any CPU
		{E90D06C7-202F-4028-BBAE-6118C35C99F3}.Release|Any CPU.ActiveCfg = Release|Any CPU
		{E90D06C7-202F-4028-BBAE-6118C35C99F3}.Release|Any CPU.Build.0 = Release|Any CPU
		{9E6D66BF-B39F-4CDB-B368-DF069B0CE6DD}.Debug|Any CPU.ActiveCfg = Debug|Any CPU
		{9E6D66BF-B39F-4CDB-B368-DF069B0CE6DD}.Debug|Any CPU.Build.0 = Debug|Any CPU
		{9E6D66BF-B39F-4CDB-B368-DF069B0CE6DD}.Release|Any CPU.ActiveCfg = Release|Any CPU
		{9E6D66BF-B39F-4CDB-B368-DF069B0CE6DD}.Release|Any CPU.Build.0 = Release|Any CPU
		{43054A54-8E0F-431A-A553-A7322E708F32}.Debug|Any CPU.ActiveCfg = Debug|Any CPU
		{43054A54-8E0F-431A-A553-A7322E708F32}.Debug|Any CPU.Build.0 = Debug|Any CPU
		{43054A54-8E0F-431A-A553-A7322E708F32}.Release|Any CPU.ActiveCfg = Release|Any CPU
		{43054A54-8E0F-431A-A553-A7322E708F32}.Release|Any CPU.Build.0 = Release|Any CPU
		{E4918677-BB12-46D2-8D61-8ABCE2FE2AB1}.Debug|Any CPU.ActiveCfg = Debug|Any CPU
		{E4918677-BB12-46D2-8D61-8ABCE2FE2AB1}.Debug|Any CPU.Build.0 = Debug|Any CPU
		{E4918677-BB12-46D2-8D61-8ABCE2FE2AB1}.Release|Any CPU.ActiveCfg = Release|Any CPU
		{E4918677-BB12-46D2-8D61-8ABCE2FE2AB1}.Release|Any CPU.Build.0 = Release|Any CPU
		{60D98384-E3C0-47DD-9748-C1730FD8A0DC}.Debug|Any CPU.ActiveCfg = Debug|Any CPU
		{60D98384-E3C0-47DD-9748-C1730FD8A0DC}.Debug|Any CPU.Build.0 = Debug|Any CPU
		{60D98384-E3C0-47DD-9748-C1730FD8A0DC}.Release|Any CPU.ActiveCfg = Release|Any CPU
		{60D98384-E3C0-47DD-9748-C1730FD8A0DC}.Release|Any CPU.Build.0 = Release|Any CPU
		{7BF62E29-4702-4200-A899-2243E75EE17B}.Debug|Any CPU.ActiveCfg = Debug|Any CPU
		{7BF62E29-4702-4200-A899-2243E75EE17B}.Debug|Any CPU.Build.0 = Debug|Any CPU
		{7BF62E29-4702-4200-A899-2243E75EE17B}.Release|Any CPU.ActiveCfg = Release|Any CPU
		{7BF62E29-4702-4200-A899-2243E75EE17B}.Release|Any CPU.Build.0 = Release|Any CPU
		{7F8777BE-36E3-4CEB-850F-05B6C29887CA}.Debug|Any CPU.ActiveCfg = Debug|Any CPU
		{7F8777BE-36E3-4CEB-850F-05B6C29887CA}.Debug|Any CPU.Build.0 = Debug|Any CPU
		{7F8777BE-36E3-4CEB-850F-05B6C29887CA}.Release|Any CPU.ActiveCfg = Release|Any CPU
		{7F8777BE-36E3-4CEB-850F-05B6C29887CA}.Release|Any CPU.Build.0 = Release|Any CPU
		{AF2E1D44-6470-4314-8EA0-8297B5A74147}.Debug|Any CPU.ActiveCfg = Debug|Any CPU
		{AF2E1D44-6470-4314-8EA0-8297B5A74147}.Debug|Any CPU.Build.0 = Debug|Any CPU
		{AF2E1D44-6470-4314-8EA0-8297B5A74147}.Release|Any CPU.ActiveCfg = Release|Any CPU
		{AF2E1D44-6470-4314-8EA0-8297B5A74147}.Release|Any CPU.Build.0 = Release|Any CPU
		{16F8EAC7-D581-45E9-B6B1-40EE2FAECBE4}.Debug|Any CPU.ActiveCfg = Debug|Any CPU
		{16F8EAC7-D581-45E9-B6B1-40EE2FAECBE4}.Debug|Any CPU.Build.0 = Debug|Any CPU
		{16F8EAC7-D581-45E9-B6B1-40EE2FAECBE4}.Release|Any CPU.ActiveCfg = Release|Any CPU
		{16F8EAC7-D581-45E9-B6B1-40EE2FAECBE4}.Release|Any CPU.Build.0 = Release|Any CPU
		{80879606-6052-4D9E-98A3-A2D32B970185}.Debug|Any CPU.ActiveCfg = Debug|Any CPU
		{80879606-6052-4D9E-98A3-A2D32B970185}.Debug|Any CPU.Build.0 = Debug|Any CPU
		{80879606-6052-4D9E-98A3-A2D32B970185}.Release|Any CPU.ActiveCfg = Release|Any CPU
		{80879606-6052-4D9E-98A3-A2D32B970185}.Release|Any CPU.Build.0 = Release|Any CPU
		{33D56525-2F73-42D8-B544-971DAA0ACCC1}.Debug|Any CPU.ActiveCfg = Debug|Any CPU
		{33D56525-2F73-42D8-B544-971DAA0ACCC1}.Release|Any CPU.ActiveCfg = Release|Any CPU
		{E2257A39-73A3-41A8-BAD7-99365C297C77}.Debug|Any CPU.ActiveCfg = Debug|Any CPU
		{E2257A39-73A3-41A8-BAD7-99365C297C77}.Debug|Any CPU.Build.0 = Debug|Any CPU
		{E2257A39-73A3-41A8-BAD7-99365C297C77}.Release|Any CPU.ActiveCfg = Release|Any CPU
		{E2257A39-73A3-41A8-BAD7-99365C297C77}.Release|Any CPU.Build.0 = Release|Any CPU
		{FB94AA98-8F24-4AF9-BE50-3DA0C9393EA5}.Debug|Any CPU.ActiveCfg = Debug|Any CPU
		{FB94AA98-8F24-4AF9-BE50-3DA0C9393EA5}.Debug|Any CPU.Build.0 = Debug|Any CPU
		{FB94AA98-8F24-4AF9-BE50-3DA0C9393EA5}.Release|Any CPU.ActiveCfg = Release|Any CPU
		{FB94AA98-8F24-4AF9-BE50-3DA0C9393EA5}.Release|Any CPU.Build.0 = Release|Any CPU
		{2FEA5B0A-1742-4A31-B2D4-44ABF4BE716F}.Debug|Any CPU.ActiveCfg = Debug|Any CPU
		{2FEA5B0A-1742-4A31-B2D4-44ABF4BE716F}.Debug|Any CPU.Build.0 = Debug|Any CPU
		{2FEA5B0A-1742-4A31-B2D4-44ABF4BE716F}.Release|Any CPU.ActiveCfg = Release|Any CPU
		{2FEA5B0A-1742-4A31-B2D4-44ABF4BE716F}.Release|Any CPU.Build.0 = Release|Any CPU
	EndGlobalSection
	GlobalSection(SolutionProperties) = preSolution
		HideSolutionNode = FALSE
	EndGlobalSection
	GlobalSection(NestedProjects) = preSolution
		{7BF62E29-4702-4200-A899-2243E75EE17B} = {F7FED312-F363-4856-9611-DA7D2467A1EB}
		{7F8777BE-36E3-4CEB-850F-05B6C29887CA} = {F7FED312-F363-4856-9611-DA7D2467A1EB}
		{16F8EAC7-D581-45E9-B6B1-40EE2FAECBE4} = {F7FED312-F363-4856-9611-DA7D2467A1EB}
		{80879606-6052-4D9E-98A3-A2D32B970185} = {4D1E423C-27D3-4F03-BFE4-156C5969722C}
		{E2257A39-73A3-41A8-BAD7-99365C297C77} = {4D1E423C-27D3-4F03-BFE4-156C5969722C}
		{FB94AA98-8F24-4AF9-BE50-3DA0C9393EA5} = {4D1E423C-27D3-4F03-BFE4-156C5969722C}
	EndGlobalSection
	GlobalSection(ExtensibilityGlobals) = postSolution
		SolutionGuid = {B95E71FC-99F1-4F63-B158-A79E206FB838}
	EndGlobalSection
	GlobalSection(TeamFoundationVersionControl) = preSolution
		SccNumberOfProjects = 23
		SccEnterpriseProvider = {4CA58AB2-18FA-4F8D-95D4-32DDF27D184C}
		SccTeamFoundationServer = http://lcwtfs2015:8080/tfs/temaprojects
		SccLocalPath0 = .
		SccProjectUniqueName1 = Pars.Util.Puma.Business\\Pars.Util.Puma.Business.csproj
		SccProjectName1 = Pars.Util.Puma.Business
		SccLocalPath1 = Pars.Util.Puma.Business
		SccProjectUniqueName2 = Pars.Util.Puma.Data.IntegrationTest\\Pars.Util.Puma.Data.IntegrationTest.csproj
		SccProjectName2 = Pars.Util.Puma.Data.IntegrationTest
		SccLocalPath2 = Pars.Util.Puma.Data.IntegrationTest
		SccProjectUniqueName3 = Pars.Util.Puma.Data.UnitTest\\Pars.Util.Puma.Data.UnitTest.csproj
		SccProjectName3 = Pars.Util.Puma.Data.UnitTest
		SccLocalPath3 = Pars.Util.Puma.Data.UnitTest
		SccProjectUniqueName4 = Pars.Util.Puma.Data\\Pars.Util.Puma.Data.csproj
		SccProjectName4 = Pars.Util.Puma.Data
		SccLocalPath4 = Pars.Util.Puma.Data
		SccProjectUniqueName5 = Pars.Util.Puma.Domain\\Pars.Util.Puma.Domain.csproj
		SccProjectName5 = Pars.Util.Puma.Domain
		SccLocalPath5 = Pars.Util.Puma.Domain
		SccProjectUniqueName6 = Pars.Util.Puma.Service.AuthManagement\\Pars.Util.Puma.Service.AuthManagement.csproj
		SccProjectName6 = Pars.Util.Puma.Service.AuthManagement
		SccLocalPath6 = Pars.Util.Puma.Service.AuthManagement
		SccProjectUniqueName7 = Pars.Util.Puma.UI.Mvc\\Pars.Util.Puma.UI.Mvc.csproj
		SccProjectName7 = Pars.Util.Puma.UI.Mvc
		SccLocalPath7 = Pars.Util.Puma.UI.Mvc
		SccProjectUniqueName8 = Pars.Util.Puma.Service.Definition\\Pars.Util.Puma.Service.Definition.csproj
		SccProjectName8 = Pars.Util.Puma.Service.Definition
		SccLocalPath8 = Pars.Util.Puma.Service.Definition
		SccProjectUniqueName9 = Pars.Util.Puma.Business.IntegrationTest\\Pars.Util.Puma.Business.IntegrationTest.csproj
		SccProjectName9 = Pars.Util.Puma.Business.IntegrationTest
		SccLocalPath9 = Pars.Util.Puma.Business.IntegrationTest
		SccProjectUniqueName10 = Pars.Util.Puma.Service.User\\Pars.Util.Puma.Service.User.csproj
		SccProjectName10 = Pars.Util.Puma.Service.User
		SccLocalPath10 = Pars.Util.Puma.Service.User
		SccProjectUniqueName11 = Pars.Util.Puma.Service.IntegrationTest\\Pars.Util.Puma.Service.IntegrationTest.csproj
		SccProjectName11 = Pars.Util.Puma.Service.IntegrationTest
		SccLocalPath11 = Pars.Util.Puma.Service.IntegrationTest
		SccProjectUniqueName12 = Pars.Util.Puma.Service.Supplier\\Pars.Util.Puma.Service.Supplier.csproj
		SccProjectName12 = Pars.Util.Puma.Service.Supplier
		SccLocalPath12 = Pars.Util.Puma.Service.Supplier
		SccProjectUniqueName13 = Pars.Util.Puma.Service.DataLocalizer\\Pars.Util.Puma.Service.DataLocalizer.csproj
		SccProjectName13 = Pars.Util.Puma.Service.DataLocalizer
		SccLocalPath13 = Pars.Util.Puma.Service.DataLocalizer
		SccProjectUniqueName14 = Pars.Util.Puma.Service.Configuration\\Pars.Util.Puma.Service.Configuration.csproj
		SccProjectName14 = Pars.Util.Puma.Service.Configuration
		SccLocalPath14 = Pars.Util.Puma.Service.Configuration
		SccProjectUniqueName15 = Pars.Util.Puma.ESB.Client\\Pars.Util.Puma.ESB.Client.csproj
		SccProjectTopLevelParentUniqueName15 = Pars.Util.Puma.sln
		SccProjectName15 = Pars.Util.Puma.ESB.Client
		SccLocalPath15 = Pars.Util.Puma.ESB.Client
		SccProjectUniqueName16 = Pars.Util.Puma.ESB.Api\\Pars.Util.Puma.ESB.Api.csproj
		SccProjectTopLevelParentUniqueName16 = Pars.Util.Puma.sln
		SccProjectName16 = Pars.Util.Puma.ESB.Api
		SccLocalPath16 = Pars.Util.Puma.ESB.Api
		SccProjectUniqueName17 = Pars.Core.Angular\\Pars.Core.Angular.csproj
		SccProjectName17 = Pars.Core.Angular
		SccLocalPath17 = Pars.Core.Angular
		SccProjectUniqueName18 = Pars.Util.Puma.ESB.Api.Test\\Pars.Util.Puma.ESB.Api.Test.csproj
		SccProjectTopLevelParentUniqueName18 = Pars.Util.Puma.sln
		SccProjectName18 = Pars.Util.Puma.ESB.Api.Test
		SccLocalPath18 = Pars.Util.Puma.ESB.Api.Test
		SccProjectUniqueName19 = Pars.Util.Puma.Api.AuthManagement\\Pars.Util.Puma.Api.AuthManagement.csproj
		SccProjectTopLevelParentUniqueName19 = Pars.Util.Puma.sln
		SccProjectName19 = Pars.Util.Puma.Api.AuthManagement
		SccLocalPath19 = Pars.Util.Puma.Api.AuthManagement
		SccProjectUniqueName20 = Pars.Util.Puma.UI.Angular\\Pars.Util.Puma.UI.Angular.csproj
		SccProjectName20 = Pars.Util.Puma.UI.Angular
		SccLocalPath20 = Pars.Util.Puma.UI.Angular
		SccProjectUniqueName21 = Pars.Util.Puma.Api.Definition\\Pars.Util.Puma.Api.Definition.csproj
		SccProjectTopLevelParentUniqueName21 = Pars.Util.Puma.sln
		SccProjectName21 = Pars.Util.Puma.Api.Definition
		SccLocalPath21 = Pars.Util.Puma.Api.Definition
		SccProjectUniqueName22 = Pars.Util.Puma.Api.DataLocalizer\\Pars.Util.Puma.Api.DataLocalizer.csproj
		SccProjectTopLevelParentUniqueName22 = Pars.Util.Puma.sln
		SccProjectName22 = Pars.Util.Puma.Api.DataLocalizer
		SccLocalPath22 = Pars.Util.Puma.Api.DataLocalizer
	EndGlobalSection
EndGlobal
